{
  "name": "project-tofu",
  "lockfileVersion": 3,
  "requires": true,
  "packages": {
    "": {
      "devDependencies": {
        "daisyui": "^5.6.18"
      }
    },
    "node_modules/daisyui": {
      "version": "5.6.18",
      "resolved": "https://registry.npmjs.org/daisyui/-/daisyui-5.6.18.tgz",
      "integrity": "sha512-6y9rboRQl8fosnusy/5pg11yp+H0LtK3YdtfS4Vf2QVnaYOKasNdYm6hDxeiT6bwZPdl4WRPzVIlIApdo2ssBg==",
      "dev": true,
      "license": "MIT",
      "funding": {
        "url": "https://github.com/saadeghi/daisyui?sponsor=1"
      }
    }
  }
}
